// !$*UTF8*$!
{
	archiveVersion = 1;
	classes = {
	};
	objectVersion = 46;
	objects = {

/* Begin PBXBuildFile section */
		3A40D3041F672EBB0091631A /* BlinkingFaceViewController.swift in Sources */ = {isa = PBXBuildFile; fileRef = 3A40D3031F672EBB0091631A /* BlinkingFaceViewController.swift */; };
		3A40D3061F673A8B0091631A /* EyeView.swift in Sources */ = {isa = PBXBuildFile; fileRef = 3A40D3051F673A8B0091631A /* EyeView.swift */; };
		3A42C1CC1F69BCC6000087A4 /* ExpressionEditorViewController.swift in Sources */ = {isa = PBXBuildFile; fileRef = 3A42C1CB1F69BCC6000087A4 /* ExpressionEditorViewController.swift */; };
		3A5516CB1EFD17D500D40ADB /* FacialExpression.swift in Sources */ = {isa = PBXBuildFile; fileRef = 3A5516CA1EFD17D500D40ADB /* FacialExpression.swift */; };
		3A5516CD1EFD5C3700D40ADB /* EmotionsViewController.swift in Sources */ = {isa = PBXBuildFile; fileRef = 3A5516CC1EFD5C3700D40ADB /* EmotionsViewController.swift */; };
		3AD52B281EFBDCB0007A9718 /* AppDelegate.swift in Sources */ = {isa = PBXBuildFile; fileRef = 3AD52B271EFBDCB0007A9718 /* AppDelegate.swift */; };
		3AD52B2A1EFBDCB0007A9718 /* FaceViewController.swift in Sources */ = {isa = PBXBuildFile; fileRef = 3AD52B291EFBDCB0007A9718 /* FaceViewController.swift */; };
		3AD52B2D1EFBDCB0007A9718 /* Main.storyboard in Resources */ = {isa = PBXBuildFile; fileRef = 3AD52B2B1EFBDCB0007A9718 /* Main.storyboard */; };
		3AD52B2F1EFBDCB0007A9718 /* Assets.xcassets in Resources */ = {isa = PBXBuildFile; fileRef = 3AD52B2E1EFBDCB0007A9718 /* Assets.xcassets */; };
		3AD52B321EFBDCB0007A9718 /* LaunchScreen.storyboard in Resources */ = {isa = PBXBuildFile; fileRef = 3AD52B301EFBDCB0007A9718 /* LaunchScreen.storyboard */; };
		3AD52B3B1EFBDDD4007A9718 /* FaceView.swift in Sources */ = {isa = PBXBuildFile; fileRef = 3AD52B3A1EFBDDD4007A9718 /* FaceView.swift */; };
/* End PBXBuildFile section */

/* Begin PBXFileReference section */
		3A40D3031F672EBB0091631A /* BlinkingFaceViewController.swift */ = {isa = PBXFileReference; fileEncoding = 4; lastKnownFileType = sourcecode.swift; path = BlinkingFaceViewController.swift; sourceTree = "<group>"; };
		3A40D3051F673A8B0091631A /* EyeView.swift */ = {isa = PBXFileReference; fileEncoding = 4; lastKnownFileType = sourcecode.swift; path = EyeView.swift; sourceTree = "<group>"; };
		3A42C1CB1F69BCC6000087A4 /* ExpressionEditorViewController.swift */ = {isa = PBXFileReference; fileEncoding = 4; lastKnownFileType = sourcecode.swift; path = ExpressionEditorViewController.swift; sourceTree = "<group>"; };
		3A5516CA1EFD17D500D40ADB /* FacialExpression.swift */ = {isa = PBXFileReference; fileEncoding = 4; lastKnownFileType = sourcecode.swift; path = FacialExpression.swift; sourceTree = "<group>"; };
		3A5516CC1EFD5C3700D40ADB /* EmotionsViewController.swift */ = {isa = PBXFileReference; fileEncoding = 4; lastKnownFileType = sourcecode.swift; path = EmotionsViewController.swift; sourceTree = "<group>"; };
		3AD52B241EFBDCB0007A9718 /* FaceIt.app */ = {isa = PBXFileReference; explicitFileType = wrapper.application; includeInIndex = 0; path = FaceIt.app; sourceTree = BUILT_PRODUCTS_DIR; };
		3AD52B271EFBDCB0007A9718 /* AppDelegate.swift */ = {isa = PBXFileReference; lastKnownFileType = sourcecode.swift; path = AppDelegate.swift; sourceTree = "<group>"; };
		3AD52B291EFBDCB0007A9718 /* FaceViewController.swift */ = {isa = PBXFileReference; lastKnownFileType = sourcecode.swift; path = FaceViewController.swift; sourceTree = "<group>"; };
		3AD52B2C1EFBDCB0007A9718 /* Base */ = {isa = PBXFileReference; lastKnownFileType = file.storyboard; name = Base; path = Base.lproj/Main.storyboard; sourceTree = "<group>"; };
		3AD52B2E1EFBDCB0007A9718 /* Assets.xcassets */ = {isa = PBXFileReference; lastKnownFileType = folder.assetcatalog; path = Assets.xcassets; sourceTree = "<group>"; };
		3AD52B311EFBDCB0007A9718 /* Base */ = {isa = PBXFileReference; lastKnownFileType = file.storyboard; name = Base; path = Base.lproj/LaunchScreen.storyboard; sourceTree = "<group>"; };
		3AD52B331EFBDCB0007A9718 /* Info.plist */ = {isa = PBXFileReference; lastKnownFileType = text.plist.xml; path = Info.plist; sourceTree = "<group>"; };
		3AD52B3A1EFBDDD4007A9718 /* FaceView.swift */ = {isa = PBXFileReference; fileEncoding = 4; lastKnownFileType = sourcecode.swift; path = FaceView.swift; sourceTree = "<group>"; };
/* End PBXFileReference section */

/* Begin PBXFrameworksBuildPhase section */
		3AD52B211EFBDCB0007A9718 /* Frameworks */ = {
			isa = PBXFrameworksBuildPhase;
			buildActionMask = 2147483647;
			files = (
			);
			runOnlyForDeploymentPostprocessing = 0;
		};
/* End PBXFrameworksBuildPhase section */

/* Begin PBXGroup section */
		3AD52B1B1EFBDCB0007A9718 = {
			isa = PBXGroup;
			children = (
				3AD52B261EFBDCB0007A9718 /* FaceIt */,
				3AD52B251EFBDCB0007A9718 /* Products */,
			);
			sourceTree = "<group>";
		};
		3AD52B251EFBDCB0007A9718 /* Products */ = {
			isa = PBXGroup;
			children = (
				3AD52B241EFBDCB0007A9718 /* FaceIt.app */,
			);
			name = Products;
			sourceTree = "<group>";
		};
		3AD52B261EFBDCB0007A9718 /* FaceIt */ = {
			isa = PBXGroup;
			children = (
				3A5516CC1EFD5C3700D40ADB /* EmotionsViewController.swift */,
				3AD52B291EFBDCB0007A9718 /* FaceViewController.swift */,
				3A40D3031F672EBB0091631A /* BlinkingFaceViewController.swift */,
				3A5516CA1EFD17D500D40ADB /* FacialExpression.swift */,
				3AD52B3A1EFBDDD4007A9718 /* FaceView.swift */,
				3AD52B2B1EFBDCB0007A9718 /* Main.storyboard */,
				3A42C1CB1F69BCC6000087A4 /* ExpressionEditorViewController.swift */,
				3A40D3051F673A8B0091631A /* EyeView.swift */,
				3AD52B391EFBDCC6007A9718 /* Supporing Files */,
			);
			path = FaceIt;
			sourceTree = "<group>";
		};
		3AD52B391EFBDCC6007A9718 /* Supporing Files */ = {
			isa = PBXGroup;
			children = (
				3AD52B271EFBDCB0007A9718 /* AppDelegate.swift */,
				3AD52B2E1EFBDCB0007A9718 /* Assets.xcassets */,
				3AD52B301EFBDCB0007A9718 /* LaunchScreen.storyboard */,
				3AD52B331EFBDCB0007A9718 /* Info.plist */,
			);
			name = "Supporing Files";
			sourceTree = "<group>";
		};
/* End PBXGroup section */

/* Begin PBXNativeTarget section */
		3AD52B231EFBDCB0007A9718 /* FaceIt */ = {
			isa = PBXNativeTarget;
			buildConfigurationList = 3AD52B361EFBDCB0007A9718 /* Build configuration list for PBXNativeTarget "FaceIt" */;
			buildPhases = (
				3AD52B201EFBDCB0007A9718 /* Sources */,
				3AD52B211EFBDCB0007A9718 /* Frameworks */,
				3AD52B221EFBDCB0007A9718 /* Resources */,
			);
			buildRules = (
			);
			dependencies = (
			);
			name = FaceIt;
			productName = FaceIt;
			productReference = 3AD52B241EFBDCB0007A9718 /* FaceIt.app */;
			productType = "com.apple.product-type.application";
		};
/* End PBXNativeTarget section */

/* Begin PBXProject section */
		3AD52B1C1EFBDCB0007A9718 /* Project object */ = {
			isa = PBXProject;
			attributes = {
				LastSwiftUpdateCheck = 0830;
				LastUpgradeCheck = 0830;
				ORGANIZATIONNAME = Anton;
				TargetAttributes = {
					3AD52B231EFBDCB0007A9718 = {
						CreatedOnToolsVersion = 8.3.2;
						DevelopmentTeam = 6FVX44VHUU;
						ProvisioningStyle = Automatic;
					};
				};
			};
			buildConfigurationList = 3AD52B1F1EFBDCB0007A9718 /* Build configuration list for PBXProject "FaceIt" */;
			compatibilityVersion = "Xcode 3.2";
			developmentRegion = English;
			hasScannedForEncodings = 0;
			knownRegions = (
				en,
				Base,
			);
			mainGroup = 3AD52B1B1EFBDCB0007A9718;
			productRefGroup = 3AD52B251EFBDCB0007A9718 /* Products */;
			projectDirPath = "";
			projectRoot = "";
			targets = (
				3AD52B231EFBDCB0007A9718 /* FaceIt */,
			);
		};
/* End PBXProject section */

/* Begin PBXResourcesBuildPhase section */
		3AD52B221EFBDCB0007A9718 /* Resources */ = {
			isa = PBXResourcesBuildPhase;
			buildActionMask = 2147483647;
			files = (
				3AD52B321EFBDCB0007A9718 /* LaunchScreen.storyboard in Resources */,
				3AD52B2F1EFBDCB0007A9718 /* Assets.xcassets in Resources */,
				3AD52B2D1EFBDCB0007A9718 /* Main.storyboard in Resources */,
			);
			runOnlyForDeploymentPostprocessing = 0;
		};
/* End PBXResourcesBuildPhase section */

/* Begin PBXSourcesBuildPhase section */
		3AD52B201EFBDCB0007A9718 /* Sources */ = {
			isa = PBXSourcesBuildPhase;
			buildActionMask = 2147483647;
			files = (
				3A40D3061F673A8B0091631A /* EyeView.swift in Sources */,
				3AD52B2A1EFBDCB0007A9718 /* FaceViewController.swift in Sources */,
				3A5516CB1EFD17D500D40ADB /* FacialExpression.swift in Sources */,
				3A40D3041F672EBB0091631A /* BlinkingFaceViewController.swift in Sources */,
				3A5516CD1EFD5C3700D40ADB /* EmotionsViewController.swift in Sources */,
				3A42C1CC1F69BCC6000087A4 /* ExpressionEditorViewController.swift in Sources */,
				3AD52B281EFBDCB0007A9718 /* AppDelegate.swift in Sources */,
				3AD52B3B1EFBDDD4007A9718 /* FaceView.swift in Sources */,
			);
			runOnlyForDeploymentPostprocessing = 0;
		};
/* End PBXSourcesBuildPhase section */

/* Begin PBXVariantGroup section */
		3AD52B2B1EFBDCB0007A9718 /* Main.storyboard */ = {
			isa = PBXVariantGroup;
			children = (
				3AD52B2C1EFBDCB0007A9718 /* Base */,
			);
			name = Main.storyboard;
			sourceTree = "<group>";
		};
		3AD52B301EFBDCB0007A9718 /* LaunchScreen.storyboard */ = {
			isa = PBXVariantGroup;
			children = (
				3AD52B311EFBDCB0007A9718 /* Base */,
			);
			name = LaunchScreen.storyboard;
			sourceTree = "<group>";
		};
/* End PBXVariantGroup section */

/* Begin XCBuildConfiguration section */
		3AD52B341EFBDCB0007A9718 /* Debug */ = {
			isa = XCBuildConfiguration;
			buildSettings = {
				ALWAYS_SEARCH_USER_PATHS = NO;
				CLANG_ANALYZER_NONNULL = YES;
				CLANG_ANALYZER_NUMBER_OBJECT_CONVERSION = YES_AGGRESSIVE;
				CLANG_CXX_LANGUAGE_STANDARD = "gnu++0x";
				CLANG_CXX_LIBRARY = "libc++";
				CLANG_ENABLE_MODULES = YES;
				CLANG_ENABLE_OBJC_ARC = YES;
				CLANG_WARN_BOOL_CONVERSION = YES;
				CLANG_WARN_CONSTANT_CONVERSION = YES;
				CLANG_WARN_DIRECT_OBJC_ISA_USAGE = YES_ERROR;
				CLANG_WARN_DOCUMENTATION_COMMENTS = YES;
				CLANG_WARN_EMPTY_BODY = YES;
				CLANG_WARN_ENUM_CONVERSION = YES;
				CLANG_WARN_INFINITE_RECURSION = YES;
				CLANG_WARN_INT_CONVERSION = YES;
				CLANG_WARN_OBJC_ROOT_CLASS = YES_ERROR;
				CLANG_WARN_SUSPICIOUS_MOVE = YES;
				CLANG_WARN_UNREACHABLE_CODE = YES;
				CLANG_WARN__DUPLICATE_METHOD_MATCH = YES;
				"CODE_SIGN_IDENTITY[sdk=iphoneos*]" = "iPhone Developer";
				COPY_PHASE_STRIP = NO;
				DEBUG_INFORMATION_FORMAT = dwarf;
				ENABLE_STRICT_OBJC_MSGSEND = YES;
				ENABLE_TESTABILITY = YES;
				GCC_C_LANGUAGE_STANDARD = gnu99;
				GCC_DYNAMIC_NO_PIC = NO;
				GCC_NO_COMMON_BLOCKS = YES;
				GCC_OPTIMIZATION_LEVEL = 0;
				GCC_PREPROCESSOR_DEFINITIONS = (
					"DEBUG=1",
					"$(inherited)",
				);
				GCC_WARN_64_TO_32_BIT_CONVERSION = YES;
				GCC_WARN_ABOUT_RETURN_TYPE = YES_ERROR;
				GCC_WARN_UNDECLARED_SELECTOR = YES;
				GCC_WARN_UNINITIALIZED_AUTOS = YES_AGGRESSIVE;
				GCC_WARN_UNUSED_FUNCTION = YES;
				GCC_WARN_UNUSED_VARIABLE = YES;
				IPHONEOS_DEPLOYMENT_TARGET = 10.3;
				MTL_ENABLE_DEBUG_INFO = YES;
				ONLY_ACTIVE_ARCH = YES;
				SDKROOT = iphoneos;
				SWIFT_ACTIVE_COMPILATION_CONDITIONS = DEBUG;
				SWIFT_OPTIMIZATION_LEVEL = "-Onone";
				TARGETED_DEVICE_FAMILY = "1,2";
			};
			name = Debug;
		};
		3AD52B351EFBDCB0007A9718 /* Release */ = {
			isa = XCBuildConfiguration;
			buildSettings = {
				ALWAYS_SEARCH_USER_PATHS = NO;
				CLANG_ANALYZER_NONNULL = YES;
				CLANG_ANALYZER_NUMBER_OBJECT_CONVERSION = YES_AGGRESSIVE;
				CLANG_CXX_LANGUAGE_STANDARD = "gnu++0x";
				CLANG_CXX_LIBRARY = "libc++";
				CLANG_ENABLE_MODULES = YES;
				CLANG_ENABLE_OBJC_ARC = YES;
				CLANG_WARN_BOOL_CONVERSION = YES;
				CLANG_WARN_CONSTANT_CONVERSION = YES;
				CLANG_WARN_DIRECT_OBJC_ISA_USAGE = YES_ERROR;
				CLANG_WARN_DOCUMENTATION_COMMENTS = YES;
				CLANG_WARN_EMPTY_BODY = YES;
				CLANG_WARN_ENUM_CONVERSION = YES;
				CLANG_WARN_INFINITE_RECURSION = YES;
				CLANG_WARN_INT_CONVERSION = YES;
				CLANG_WARN_OBJC_ROOT_CLASS = YES_ERROR;
				CLANG_WARN_SUSPICIOUS_MOVE = YES;
				CLANG_WARN_UNREACHABLE_CODE = YES;
				CLANG_WARN__DUPLICATE_METHOD_MATCH = YES;
				"CODE_SIGN_IDENTITY[sdk=iphoneos*]" = "iPhone Developer";
				COPY_PHASE_STRIP = NO;
				DEBUG_INFORMATION_FORMAT = "dwarf-with-dsym";
				ENABLE_NS_ASSERTIONS = NO;
				ENABLE_STRICT_OBJC_MSGSEND = YES;
				GCC_C_LANGUAGE_STANDARD = gnu99;
				GCC_NO_COMMON_BLOCKS = YES;
				GCC_WARN_64_TO_32_BIT_CONVERSION = YES;
				GCC_WARN_ABOUT_RETURN_TYPE = YES_ERROR;
				GCC_WARN_UNDECLARED_SELECTOR = YES;
				GCC_WARN_UNINITIALIZED_AUTOS = YES_AGGRESSIVE;
				GCC_WARN_UNUSED_FUNCTION = YES;
				GCC_WARN_UNUSED_VARIABLE = YES;
				IPHONEOS_DEPLOYMENT_TARGET = 10.3;
				MTL_ENABLE_DEBUG_INFO = NO;
				SDKROOT = iphoneos;
				SWIFT_OPTIMIZATION_LEVEL = "-Owholemodule";
				TARGETED_DEVICE_FAMILY = "1,2";
				VALIDATE_PRODUCT = YES;
			};
			name = Release;
		};
		3AD52B371EFBDCB0007A9718 /* Debug */ = {
			isa = XCBuildConfiguration;
			buildSettings = {
				ASSETCATALOG_COMPILER_APPICON_NAME = AppIcon;
				DEVELOPMENT_TEAM = 6FVX44VHUU;
				INFOPLIST_FILE = FaceIt/Info.plist;
				IPHONEOS_DEPLOYMENT_TARGET = 9.3;
				LD_RUNPATH_SEARCH_PATHS = "$(inherited) @executable_path/Frameworks";
				PRODUCT_BUNDLE_IDENTIFIER = lisitsyn.anton.a.FaceIt;
				PRODUCT_NAME = "$(TARGET_NAME)";
				SWIFT_VERSION = 3.0;
			};
			name = Debug;
		};
		3AD52B381EFBDCB0007A9718 /* Release */ = {
			isa = XCBuildConfiguration;
			buildSettings = {
				ASSETCATALOG_COMPILER_APPICON_NAME = AppIcon;
				DEVELOPMENT_TEAM = 6FVX44VHUU;
				INFOPLIST_FILE = FaceIt/Info.plist;
				IPHONEOS_DEPLOYMENT_TARGET = 9.3;
				LD_RUNPATH_SEARCH_PATHS = "$(inherited) @executable_path/Frameworks";
				PRODUCT_BUNDLE_IDENTIFIER = lisitsyn.anton.a.FaceIt;
				PRODUCT_NAME = "$(TARGET_NAME)";
				SWIFT_VERSION = 3.0;
			};
			name = Release;
		};
/* End XCBuildConfiguration section */

/* Begin XCConfigurationList section */
		3AD52B1F1EFBDCB0007A9718 /* Build configuration list for PBXProject "FaceIt" */ = {
			isa = XCConfigurationList;
			buildConfigurations = (
				3AD52B341EFBDCB0007A9718 /* Debug */,
				3AD52B351EFBDCB0007A9718 /* Release */,
			);
			defaultConfigurationIsVisible = 0;
			defaultConfigurationName = Release;
		};
		3AD52B361EFBDCB0007A9718 /* Build configuration list for PBXNativeTarget "FaceIt" */ = {
			isa = XCConfigurationList;
			buildConfigurations = (
				3AD52B371EFBDCB0007A9718 /* Debug */,
				3AD52B381EFBDCB0007A9718 /* Release */,
			);
			defaultConfigurationIsVisible = 0;
			defaultConfigurationName = Release;
		};
/* End XCConfigurationList section */
	};
	rootObject = 3AD52B1C1EFBDCB0007A9718 /* Project object */;
}
